
Microsoft Visual Studio Solution File, Format Version 12.00
# Visual Studio 2013
VisualStudioVersion = 12.0.30501.0
MinimumVisualStudioVersion = 10.0.40219.1
Project("{2150E333-8FDC-42A3-9474-1A3956D46DE8}") = "Solution Items", "Solution Items", "{C9104B11-FB0C-43B7-88DC-441E9B2B0CC5}"
	ProjectSection(SolutionItems) = preProject
		README.md = README.md
		Settings.StyleCop = Settings.StyleCop
	EndProjectSection
EndProject
Project("{2150E333-8FDC-42A3-9474-1A3956D46DE8}") = "DOC", "DOC", "{EDEA64C4-30E1-4247-9649-C3DB54E2ED14}"
	ProjectSection(SolutionItems) = preProject
		LINKS.txt = LINKS.txt
	EndProjectSection
EndProject
Project("{FAE04EC0-301F-11D3-BF4B-00C04F79EFBC}") = "GetHtmlTest", "GetHtmlTest\GetHtmlTest.csproj", "{851A323E-EF7C-4BED-890D-4C3E22D3201A}"
EndProject
Global
	GlobalSection(SolutionConfigurationPlatforms) = preSolution
		Debug|Any CPU = Debug|Any CPU
		Release|Any CPU = Release|Any CPU
	EndGlobalSection
	GlobalSection(ProjectConfigurationPlatforms) = postSolution
		{851A323E-EF7C-4BED-890D-4C3E22D3201A}.Debug|Any CPU.ActiveCfg = Debug|Any CPU
		{851A323E-EF7C-4BED-890D-4C3E22D3201A}.Debug|Any CPU.Build.0 = Debug|Any CPU
		{851A323E-EF7C-4BED-890D-4C3E22D3201A}.Release|Any CPU.ActiveCfg = Release|Any CPU
		{851A323E-EF7C-4BED-890D-4C3E22D3201A}.Release|Any CPU.Build.0 = Release|Any CPU
	EndGlobalSection
	GlobalSection(SolutionProperties) = preSolution
		HideSolutionNode = FALSE
	EndGlobalSection
EndGlobal
